
Microsoft Visual Studio Solution File, Format Version 12.00
# Visual Studio Version 17
VisualStudioVersion = 17.1.32210.238
MinimumVisualStudioVersion = 10.0.40219.1
Project("{8BC9CEB8-8B4A-11D0-8D11-00A0C91BC942}") = "strcat()22_2_26", "strcat()22_2_26\strcat()22_2_26.vcxproj", "{9EC42A02-62E0-4F10-99A4-FD870A09F095}"
EndProject
Global
	GlobalSection(SolutionConfigurationPlatforms) = preSolution
		Debug|x64 = Debug|x64
		Debug|x86 = Debug|x86
		Release|x64 = Release|x64
		Release|x86 = Release|x86
	EndGlobalSection
	GlobalSection(ProjectConfigurationPlatforms) = postSolution
		{9EC42A02-62E0-4F10-99A4-FD870A09F095}.Debug|x64.ActiveCfg = Debug|x64
		{9EC42A02-62E0-4F10-99A4-FD870A09F095}.Debug|x64.Build.0 = Debug|x64
		{9EC42A02-62E0-4F10-99A4-FD870A09F095}.Debug|x86.ActiveCfg = Debug|Win32
		{9EC42A02-62E0-4F10-99A4-FD870A09F095}.Debug|x86.Build.0 = Debug|Win32
		{9EC42A02-62E0-4F10-99A4-FD870A09F095}.Release|x64.ActiveCfg = Release|x64
		{9EC42A02-62E0-4F10-99A4-FD870A09F095}.Release|x64.Build.0 = Release|x64
		{9EC42A02-62E0-4F10-99A4-FD870A09F095}.Release|x86.ActiveCfg = Release|Win32
		{9EC42A02-62E0-4F10-99A4-FD870A09F095}.Release|x86.Build.0 = Release|Win32
	EndGlobalSection
	GlobalSection(SolutionProperties) = preSolution
		HideSolutionNode = FALSE
	EndGlobalSection
	GlobalSection(ExtensibilityGlobals) = postSolution
		SolutionGuid = {3934CA9B-9CB3-4A52-A573-213B61694F50}
	EndGlobalSection
EndGlobal
